// !$*UTF8*$!
{
	archiveVersion = 1;
	classes = {
	};
	objectVersion = 46;
	objects = {

/* Begin PBXBuildFile section */
		4C1AB9561F35CC4400855189 /* AddFriendTableViewController.swift in Sources */ = {isa = PBXBuildFile; fileRef = 4C1AB9551F35CC4400855189 /* AddFriendTableViewController.swift */; };
		4C320A871F4D0B13007EC52E /* ProgressActivityIndicator.swift in Sources */ = {isa = PBXBuildFile; fileRef = 4C320A861F4D0B13007EC52E /* ProgressActivityIndicator.swift */; };
		4C3AF0BC1F0E184F008B2CE5 /* VenuesCollectionViewController.swift in Sources */ = {isa = PBXBuildFile; fileRef = 4C3AF0BB1F0E184F008B2CE5 /* VenuesCollectionViewController.swift */; };
		4C50CE4E1F395F3A00781ACD /* UIView+Border.swift in Sources */ = {isa = PBXBuildFile; fileRef = 4C50CE4D1F395F3A00781ACD /* UIView+Border.swift */; };
		4C50CE551F39FD3800781ACD /* GroupCollectionViewCell.swift in Sources */ = {isa = PBXBuildFile; fileRef = 4C50CE541F39FD3800781ACD /* GroupCollectionViewCell.swift */; };
		4C5502131F16A5B80073A405 /* Venue.swift in Sources */ = {isa = PBXBuildFile; fileRef = 4C5502121F16A5B80073A405 /* Venue.swift */; };
		4C5502151F16B2780073A405 /* ProfileViewController.swift in Sources */ = {isa = PBXBuildFile; fileRef = 4C5502141F16B2780073A405 /* ProfileViewController.swift */; };
		4C75AE841F36BFEB002E518E /* Assets.xcassets in Resources */ = {isa = PBXBuildFile; fileRef = 4C75AE831F36BFEB002E518E /* Assets.xcassets */; };
		4C75AE861F3788BD002E518E /* String+Emoji.swift in Sources */ = {isa = PBXBuildFile; fileRef = 4C75AE851F3788BD002E518E /* String+Emoji.swift */; };
		4C7DB2941EEEA55E00765D3A /* TextFieldHelper.swift in Sources */ = {isa = PBXBuildFile; fileRef = 4C7DB2931EEEA55E00765D3A /* TextFieldHelper.swift */; };
		4C7DB2961EEEA62C00765D3A /* ValidationHelper.swift in Sources */ = {isa = PBXBuildFile; fileRef = 4C7DB2951EEEA62C00765D3A /* ValidationHelper.swift */; };
		4C7DB2981EEED0B400765D3A /* BannerHelper.swift in Sources */ = {isa = PBXBuildFile; fileRef = 4C7DB2971EEED0B400765D3A /* BannerHelper.swift */; };
		4C7EDE011EEB01BD001A9B81 /* AppDelegate.swift in Sources */ = {isa = PBXBuildFile; fileRef = 4C7EDE001EEB01BD001A9B81 /* AppDelegate.swift */; };
		4C7EDE031EEB01BD001A9B81 /* LoginViewController.swift in Sources */ = {isa = PBXBuildFile; fileRef = 4C7EDE021EEB01BD001A9B81 /* LoginViewController.swift */; };
		4C7EDE061EEB01BD001A9B81 /* Main.storyboard in Resources */ = {isa = PBXBuildFile; fileRef = 4C7EDE041EEB01BD001A9B81 /* Main.storyboard */; };
		4C7EDE0B1EEB01BD001A9B81 /* LaunchScreen.storyboard in Resources */ = {isa = PBXBuildFile; fileRef = 4C7EDE091EEB01BD001A9B81 /* LaunchScreen.storyboard */; };
		4C8C0FAC1F3BA9F300B23D37 /* CALayer+BorderProperties.swift in Sources */ = {isa = PBXBuildFile; fileRef = 4C8C0FAB1F3BA9F300B23D37 /* CALayer+BorderProperties.swift */; };
		4C8C0FAE1F3BC17F00B23D37 /* Group.swift in Sources */ = {isa = PBXBuildFile; fileRef = 4C8C0FAD1F3BC17F00B23D37 /* Group.swift */; };
		4CB59C0E1F43942800B5CC70 /* Constants.swift in Sources */ = {isa = PBXBuildFile; fileRef = 4CB59C0D1F43942800B5CC70 /* Constants.swift */; };
		4CB6AD601F2A3F91004EB393 /* FriendsTableViewController.swift in Sources */ = {isa = PBXBuildFile; fileRef = 4CB6AD5F1F2A3F91004EB393 /* FriendsTableViewController.swift */; };
		4CB6AD621F2A6D22004EB393 /* UITextField+Border.swift in Sources */ = {isa = PBXBuildFile; fileRef = 4CB6AD611F2A6D22004EB393 /* UITextField+Border.swift */; };
		4CB6AD701F2BC779004EB393 /* DealsViewController.swift in Sources */ = {isa = PBXBuildFile; fileRef = 4CB6AD6F1F2BC779004EB393 /* DealsViewController.swift */; };
		4CB6AD741F2CB692004EB393 /* FriendTableViewCell.swift in Sources */ = {isa = PBXBuildFile; fileRef = 4CB6AD731F2CB692004EB393 /* FriendTableViewCell.swift */; };
		4CB6AD761F2CC2CF004EB393 /* UserInfo.swift in Sources */ = {isa = PBXBuildFile; fileRef = 4CB6AD751F2CC2CF004EB393 /* UserInfo.swift */; };
		4CB6AD7E1F2D4F8E004EB393 /* Deal.swift in Sources */ = {isa = PBXBuildFile; fileRef = 4CB6AD7D1F2D4F8E004EB393 /* Deal.swift */; };
		4CC2B2341EEDDEAB0044797D /* SignUpViewController.swift in Sources */ = {isa = PBXBuildFile; fileRef = 4CC2B2331EEDDEAB0044797D /* SignUpViewController.swift */; };
		4CC3EB811F45CCAD00EC0D4F /* HomeViewController.swift in Sources */ = {isa = PBXBuildFile; fileRef = 4CC3EB801F45CCAD00EC0D4F /* HomeViewController.swift */; };
		4CD8E1CF1EEB661B009C3FD0 /* GoogleService-Info.plist in Resources */ = {isa = PBXBuildFile; fileRef = 4CD8E1CE1EEB661B009C3FD0 /* GoogleService-Info.plist */; };
		4CEB3A621F194156004246F5 /* VenueCollectionViewCell.swift in Sources */ = {isa = PBXBuildFile; fileRef = 4CEB3A611F194156004246F5 /* VenueCollectionViewCell.swift */; };
		4CF360FD1F41448900E14EB1 /* DateHelper.swift in Sources */ = {isa = PBXBuildFile; fileRef = 4CF360FC1F41448900E14EB1 /* DateHelper.swift */; };
		4CFA46CD1EEBD2EE008BDF8F /* ForgotPasswordController.swift in Sources */ = {isa = PBXBuildFile; fileRef = 4CFA46CC1EEBD2EE008BDF8F /* ForgotPasswordController.swift */; };
		4CFAA8FC1F4A754F000976D6 /* RedemptionViewController.swift in Sources */ = {isa = PBXBuildFile; fileRef = 4CFAA8FB1F4A754F000976D6 /* RedemptionViewController.swift */; };
		A75F914523E7601419AB1C2F /* Pods_ViiMe.framework in Frameworks */ = {isa = PBXBuildFile; fileRef = 91F5863EEE27A9C74733223C /* Pods_ViiMe.framework */; };
/* End PBXBuildFile section */

/* Begin PBXFileReference section */
		4C1AB9551F35CC4400855189 /* AddFriendTableViewController.swift */ = {isa = PBXFileReference; fileEncoding = 4; lastKnownFileType = sourcecode.swift; path = AddFriendTableViewController.swift; sourceTree = "<group>"; };
		4C320A861F4D0B13007EC52E /* ProgressActivityIndicator.swift */ = {isa = PBXFileReference; fileEncoding = 4; lastKnownFileType = sourcecode.swift; path = ProgressActivityIndicator.swift; sourceTree = "<group>"; };
		4C3AF0BB1F0E184F008B2CE5 /* VenuesCollectionViewController.swift */ = {isa = PBXFileReference; fileEncoding = 4; lastKnownFileType = sourcecode.swift; path = VenuesCollectionViewController.swift; sourceTree = "<group>"; };
		4C50CE4D1F395F3A00781ACD /* UIView+Border.swift */ = {isa = PBXFileReference; fileEncoding = 4; lastKnownFileType = sourcecode.swift; path = "UIView+Border.swift"; sourceTree = "<group>"; };
		4C50CE541F39FD3800781ACD /* GroupCollectionViewCell.swift */ = {isa = PBXFileReference; fileEncoding = 4; lastKnownFileType = sourcecode.swift; path = GroupCollectionViewCell.swift; sourceTree = "<group>"; };
		4C5502121F16A5B80073A405 /* Venue.swift */ = {isa = PBXFileReference; fileEncoding = 4; lastKnownFileType = sourcecode.swift; path = Venue.swift; sourceTree = "<group>"; };
		4C5502141F16B2780073A405 /* ProfileViewController.swift */ = {isa = PBXFileReference; fileEncoding = 4; lastKnownFileType = sourcecode.swift; path = ProfileViewController.swift; sourceTree = "<group>"; };
		4C75AE831F36BFEB002E518E /* Assets.xcassets */ = {isa = PBXFileReference; lastKnownFileType = folder.assetcatalog; path = Assets.xcassets; sourceTree = "<group>"; };
		4C75AE851F3788BD002E518E /* String+Emoji.swift */ = {isa = PBXFileReference; fileEncoding = 4; lastKnownFileType = sourcecode.swift; path = "String+Emoji.swift"; sourceTree = "<group>"; };
		4C7DB2931EEEA55E00765D3A /* TextFieldHelper.swift */ = {isa = PBXFileReference; fileEncoding = 4; lastKnownFileType = sourcecode.swift; path = TextFieldHelper.swift; sourceTree = "<group>"; };
		4C7DB2951EEEA62C00765D3A /* ValidationHelper.swift */ = {isa = PBXFileReference; fileEncoding = 4; lastKnownFileType = sourcecode.swift; path = ValidationHelper.swift; sourceTree = "<group>"; };
		4C7DB2971EEED0B400765D3A /* BannerHelper.swift */ = {isa = PBXFileReference; fileEncoding = 4; lastKnownFileType = sourcecode.swift; path = BannerHelper.swift; sourceTree = "<group>"; };
		4C7EDDFD1EEB01BD001A9B81 /* ViiMe.app */ = {isa = PBXFileReference; explicitFileType = wrapper.application; includeInIndex = 0; path = ViiMe.app; sourceTree = BUILT_PRODUCTS_DIR; };
		4C7EDE001EEB01BD001A9B81 /* AppDelegate.swift */ = {isa = PBXFileReference; lastKnownFileType = sourcecode.swift; path = AppDelegate.swift; sourceTree = "<group>"; };
		4C7EDE021EEB01BD001A9B81 /* LoginViewController.swift */ = {isa = PBXFileReference; lastKnownFileType = sourcecode.swift; path = LoginViewController.swift; sourceTree = "<group>"; };
		4C7EDE051EEB01BD001A9B81 /* Base */ = {isa = PBXFileReference; lastKnownFileType = file.storyboard; name = Base; path = Base.lproj/Main.storyboard; sourceTree = "<group>"; };
		4C7EDE0A1EEB01BD001A9B81 /* Base */ = {isa = PBXFileReference; lastKnownFileType = file.storyboard; name = Base; path = Base.lproj/LaunchScreen.storyboard; sourceTree = "<group>"; };
		4C7EDE0C1EEB01BD001A9B81 /* Info.plist */ = {isa = PBXFileReference; lastKnownFileType = text.plist.xml; path = Info.plist; sourceTree = "<group>"; };
		4C8C0FAB1F3BA9F300B23D37 /* CALayer+BorderProperties.swift */ = {isa = PBXFileReference; fileEncoding = 4; lastKnownFileType = sourcecode.swift; path = "CALayer+BorderProperties.swift"; sourceTree = "<group>"; };
		4C8C0FAD1F3BC17F00B23D37 /* Group.swift */ = {isa = PBXFileReference; fileEncoding = 4; lastKnownFileType = sourcecode.swift; path = Group.swift; sourceTree = "<group>"; };
		4CB59C0D1F43942800B5CC70 /* Constants.swift */ = {isa = PBXFileReference; fileEncoding = 4; lastKnownFileType = sourcecode.swift; path = Constants.swift; sourceTree = "<group>"; };
		4CB6AD5F1F2A3F91004EB393 /* FriendsTableViewController.swift */ = {isa = PBXFileReference; fileEncoding = 4; lastKnownFileType = sourcecode.swift; path = FriendsTableViewController.swift; sourceTree = "<group>"; };
		4CB6AD611F2A6D22004EB393 /* UITextField+Border.swift */ = {isa = PBXFileReference; fileEncoding = 4; lastKnownFileType = sourcecode.swift; path = "UITextField+Border.swift"; sourceTree = "<group>"; };
		4CB6AD6F1F2BC779004EB393 /* DealsViewController.swift */ = {isa = PBXFileReference; fileEncoding = 4; lastKnownFileType = sourcecode.swift; path = DealsViewController.swift; sourceTree = "<group>"; };
		4CB6AD731F2CB692004EB393 /* FriendTableViewCell.swift */ = {isa = PBXFileReference; fileEncoding = 4; lastKnownFileType = sourcecode.swift; path = FriendTableViewCell.swift; sourceTree = "<group>"; };
		4CB6AD751F2CC2CF004EB393 /* UserInfo.swift */ = {isa = PBXFileReference; fileEncoding = 4; lastKnownFileType = sourcecode.swift; path = UserInfo.swift; sourceTree = "<group>"; };
		4CB6AD7D1F2D4F8E004EB393 /* Deal.swift */ = {isa = PBXFileReference; fileEncoding = 4; lastKnownFileType = sourcecode.swift; path = Deal.swift; sourceTree = "<group>"; };
		4CC2B2331EEDDEAB0044797D /* SignUpViewController.swift */ = {isa = PBXFileReference; fileEncoding = 4; lastKnownFileType = sourcecode.swift; path = SignUpViewController.swift; sourceTree = "<group>"; };
		4CC3EB801F45CCAD00EC0D4F /* HomeViewController.swift */ = {isa = PBXFileReference; fileEncoding = 4; lastKnownFileType = sourcecode.swift; path = HomeViewController.swift; sourceTree = "<group>"; };
		4CD8E1CE1EEB661B009C3FD0 /* GoogleService-Info.plist */ = {isa = PBXFileReference; fileEncoding = 4; lastKnownFileType = text.plist.xml; path = "GoogleService-Info.plist"; sourceTree = "<group>"; };
		4CEB3A611F194156004246F5 /* VenueCollectionViewCell.swift */ = {isa = PBXFileReference; fileEncoding = 4; lastKnownFileType = sourcecode.swift; path = VenueCollectionViewCell.swift; sourceTree = "<group>"; };
		4CF360FC1F41448900E14EB1 /* DateHelper.swift */ = {isa = PBXFileReference; fileEncoding = 4; lastKnownFileType = sourcecode.swift; path = DateHelper.swift; sourceTree = "<group>"; };
		4CFA46CC1EEBD2EE008BDF8F /* ForgotPasswordController.swift */ = {isa = PBXFileReference; fileEncoding = 4; lastKnownFileType = sourcecode.swift; path = ForgotPasswordController.swift; sourceTree = "<group>"; };
		4CFAA8FB1F4A754F000976D6 /* RedemptionViewController.swift */ = {isa = PBXFileReference; lastKnownFileType = sourcecode.swift; name = RedemptionViewController.swift; path = ViiMe/RedemptionViewController.swift; sourceTree = "<group>"; };
		4CFFF2461F41528F00AB05F3 /* ViiMe.entitlements */ = {isa = PBXFileReference; lastKnownFileType = text.plist.entitlements; path = ViiMe.entitlements; sourceTree = "<group>"; };
		5912848828A13E7FC084CBA3 /* Pods-ViiMe.release.xcconfig */ = {isa = PBXFileReference; includeInIndex = 1; lastKnownFileType = text.xcconfig; name = "Pods-ViiMe.release.xcconfig"; path = "Pods/Target Support Files/Pods-ViiMe/Pods-ViiMe.release.xcconfig"; sourceTree = "<group>"; };
		91F5863EEE27A9C74733223C /* Pods_ViiMe.framework */ = {isa = PBXFileReference; explicitFileType = wrapper.framework; includeInIndex = 0; path = Pods_ViiMe.framework; sourceTree = BUILT_PRODUCTS_DIR; };
		A9C08C15543500E5B053732B /* Pods-ViiMe.debug.xcconfig */ = {isa = PBXFileReference; includeInIndex = 1; lastKnownFileType = text.xcconfig; name = "Pods-ViiMe.debug.xcconfig"; path = "Pods/Target Support Files/Pods-ViiMe/Pods-ViiMe.debug.xcconfig"; sourceTree = "<group>"; };
/* End PBXFileReference section */

/* Begin PBXFrameworksBuildPhase section */
		4C7EDDFA1EEB01BD001A9B81 /* Frameworks */ = {
			isa = PBXFrameworksBuildPhase;
			buildActionMask = 2147483647;
			files = (
				A75F914523E7601419AB1C2F /* Pods_ViiMe.framework in Frameworks */,
			);
			runOnlyForDeploymentPostprocessing = 0;
		};
/* End PBXFrameworksBuildPhase section */

/* Begin PBXGroup section */
		4C02DE2E1F1EA052002AA78C /* Login & Signup  */ = {
			isa = PBXGroup;
			children = (
				4C7EDE021EEB01BD001A9B81 /* LoginViewController.swift */,
				4CC2B2331EEDDEAB0044797D /* SignUpViewController.swift */,
				4CFA46CC1EEBD2EE008BDF8F /* ForgotPasswordController.swift */,
			);
			name = "Login & Signup ";
			sourceTree = "<group>";
		};
		4C02DE2F1F1EA06E002AA78C /* Venue  */ = {
			isa = PBXGroup;
			children = (
				4C3AF0BB1F0E184F008B2CE5 /* VenuesCollectionViewController.swift */,
				4CEB3A611F194156004246F5 /* VenueCollectionViewCell.swift */,
			);
			name = "Venue ";
			sourceTree = "<group>";
		};
		4C02DE301F1EA08B002AA78C /* Profile */ = {
			isa = PBXGroup;
			children = (
				4C5502141F16B2780073A405 /* ProfileViewController.swift */,
			);
			name = Profile;
			sourceTree = "<group>";
		};
		4C50CE511F39EB0600781ACD /* Home */ = {
			isa = PBXGroup;
			children = (
				4CC3EB801F45CCAD00EC0D4F /* HomeViewController.swift */,
				4C50CE541F39FD3800781ACD /* GroupCollectionViewCell.swift */,
			);
			name = Home;
			sourceTree = "<group>";
		};
		4C7DB2991EEED5F400765D3A /* Helper Classes */ = {
			isa = PBXGroup;
			children = (
				4C7DB2931EEEA55E00765D3A /* TextFieldHelper.swift */,
				4C7DB2951EEEA62C00765D3A /* ValidationHelper.swift */,
				4C7DB2971EEED0B400765D3A /* BannerHelper.swift */,
				4CB6AD611F2A6D22004EB393 /* UITextField+Border.swift */,
				4C75AE851F3788BD002E518E /* String+Emoji.swift */,
				4C50CE4D1F395F3A00781ACD /* UIView+Border.swift */,
				4C8C0FAB1F3BA9F300B23D37 /* CALayer+BorderProperties.swift */,
				4CF360FC1F41448900E14EB1 /* DateHelper.swift */,
				4C320A861F4D0B13007EC52E /* ProgressActivityIndicator.swift */,
			);
			name = "Helper Classes";
			sourceTree = "<group>";
		};
		4C7EDDF41EEB01BD001A9B81 = {
			isa = PBXGroup;
			children = (
				4C7EDDFF1EEB01BD001A9B81 /* ViiMe */,
				4C7EDDFE1EEB01BD001A9B81 /* Products */,
				9783D0D447BB3A1AAB31FF6F /* Pods */,
				FDB807C372F654FB51C19306 /* Frameworks */,
			);
			sourceTree = "<group>";
		};
		4C7EDDFE1EEB01BD001A9B81 /* Products */ = {
			isa = PBXGroup;
			children = (
				4C7EDDFD1EEB01BD001A9B81 /* ViiMe.app */,
			);
			name = Products;
			sourceTree = "<group>";
		};
		4C7EDDFF1EEB01BD001A9B81 /* ViiMe */ = {
			isa = PBXGroup;
			children = (
				4CFFF2461F41528F00AB05F3 /* ViiMe.entitlements */,
				4C75AE831F36BFEB002E518E /* Assets.xcassets */,
				4CB6AD771F2CC573004EB393 /* Data Model */,
				4C02DE2E1F1EA052002AA78C /* Login & Signup  */,
				4C50CE511F39EB0600781ACD /* Home */,
				4C02DE301F1EA08B002AA78C /* Profile */,
				4CB6AD651F2BA5CE004EB393 /* Friends */,
				4C02DE2F1F1EA06E002AA78C /* Venue  */,
				4CB6AD6E1F2BBDD7004EB393 /* Deals */,
				4CB6AD7C1F2CFF64004EB393 /* Redemption */,
				4C7DB2991EEED5F400765D3A /* Helper Classes */,
				4CD8E1CE1EEB661B009C3FD0 /* GoogleService-Info.plist */,
				4C7EDE001EEB01BD001A9B81 /* AppDelegate.swift */,
				4C7EDE041EEB01BD001A9B81 /* Main.storyboard */,
				4C7EDE091EEB01BD001A9B81 /* LaunchScreen.storyboard */,
				4C7EDE0C1EEB01BD001A9B81 /* Info.plist */,
			);
			path = ViiMe;
			sourceTree = "<group>";
		};
		4CB6AD651F2BA5CE004EB393 /* Friends */ = {
			isa = PBXGroup;
			children = (
				4CB6AD5F1F2A3F91004EB393 /* FriendsTableViewController.swift */,
				4CB6AD731F2CB692004EB393 /* FriendTableViewCell.swift */,
				4C1AB9551F35CC4400855189 /* AddFriendTableViewController.swift */,
			);
			name = Friends;
			sourceTree = "<group>";
		};
		4CB6AD6E1F2BBDD7004EB393 /* Deals */ = {
			isa = PBXGroup;
			children = (
				4CB6AD6F1F2BC779004EB393 /* DealsViewController.swift */,
			);
			name = Deals;
			sourceTree = "<group>";
		};
		4CB6AD771F2CC573004EB393 /* Data Model */ = {
			isa = PBXGroup;
			children = (
				4CB59C0D1F43942800B5CC70 /* Constants.swift */,
				4CB6AD751F2CC2CF004EB393 /* UserInfo.swift */,
				4C8C0FAD1F3BC17F00B23D37 /* Group.swift */,
				4CB6AD7D1F2D4F8E004EB393 /* Deal.swift */,
				4C5502121F16A5B80073A405 /* Venue.swift */,
			);
			name = "Data Model";
			sourceTree = "<group>";
		};
		4CB6AD7C1F2CFF64004EB393 /* Redemption */ = {
			isa = PBXGroup;
			children = (
				4CFAA8FB1F4A754F000976D6 /* RedemptionViewController.swift */,
			);
			name = Redemption;
			path = ..;
			sourceTree = "<group>";
		};
		9783D0D447BB3A1AAB31FF6F /* Pods */ = {
			isa = PBXGroup;
			children = (
				A9C08C15543500E5B053732B /* Pods-ViiMe.debug.xcconfig */,
				5912848828A13E7FC084CBA3 /* Pods-ViiMe.release.xcconfig */,
			);
			name = Pods;
			sourceTree = "<group>";
		};
		FDB807C372F654FB51C19306 /* Frameworks */ = {
			isa = PBXGroup;
			children = (
				91F5863EEE27A9C74733223C /* Pods_ViiMe.framework */,
			);
			name = Frameworks;
			sourceTree = "<group>";
		};
/* End PBXGroup section */

/* Begin PBXNativeTarget section */
		4C7EDDFC1EEB01BD001A9B81 /* ViiMe */ = {
			isa = PBXNativeTarget;
			buildConfigurationList = 4C7EDE0F1EEB01BD001A9B81 /* Build configuration list for PBXNativeTarget "ViiMe" */;
			buildPhases = (
				C270E68DDA1F379771E43489 /* [CP] Check Pods Manifest.lock */,
				4C7EDDF91EEB01BD001A9B81 /* Sources */,
				4C7EDDFA1EEB01BD001A9B81 /* Frameworks */,
				4C7EDDFB1EEB01BD001A9B81 /* Resources */,
				26D8E329D1505755E26EE51C /* [CP] Embed Pods Frameworks */,
				C6B23DA1974A7FC9465E1E8F /* [CP] Copy Pods Resources */,
				4C1AB9541F35C86700855189 /* Run Script */,
			);
			buildRules = (
			);
			dependencies = (
			);
			name = ViiMe;
			productName = ViiMe;
			productReference = 4C7EDDFD1EEB01BD001A9B81 /* ViiMe.app */;
			productType = "com.apple.product-type.application";
		};
/* End PBXNativeTarget section */

/* Begin PBXProject section */
		4C7EDDF51EEB01BD001A9B81 /* Project object */ = {
			isa = PBXProject;
			attributes = {
				LastSwiftUpdateCheck = 0830;
				LastUpgradeCheck = 0830;
				ORGANIZATIONNAME = "Venture Lifestyles";
				TargetAttributes = {
					4C7EDDFC1EEB01BD001A9B81 = {
						CreatedOnToolsVersion = 8.3.3;
						DevelopmentTeam = 3L8HKMPJ68;
						ProvisioningStyle = Manual;
						SystemCapabilities = {
							com.apple.Keychain = {
								enabled = 0;
							};
							com.apple.Push = {
								enabled = 1;
							};
						};
					};
				};
			};
			buildConfigurationList = 4C7EDDF81EEB01BD001A9B81 /* Build configuration list for PBXProject "ViiMe" */;
			compatibilityVersion = "Xcode 3.2";
			developmentRegion = English;
			hasScannedForEncodings = 0;
			knownRegions = (
				en,
				Base,
			);
			mainGroup = 4C7EDDF41EEB01BD001A9B81;
			productRefGroup = 4C7EDDFE1EEB01BD001A9B81 /* Products */;
			projectDirPath = "";
			projectRoot = "";
			targets = (
				4C7EDDFC1EEB01BD001A9B81 /* ViiMe */,
			);
		};
/* End PBXProject section */

/* Begin PBXResourcesBuildPhase section */
		4C7EDDFB1EEB01BD001A9B81 /* Resources */ = {
			isa = PBXResourcesBuildPhase;
			buildActionMask = 2147483647;
			files = (
				4C7EDE0B1EEB01BD001A9B81 /* LaunchScreen.storyboard in Resources */,
				4CD8E1CF1EEB661B009C3FD0 /* GoogleService-Info.plist in Resources */,
				4C75AE841F36BFEB002E518E /* Assets.xcassets in Resources */,
				4C7EDE061EEB01BD001A9B81 /* Main.storyboard in Resources */,
			);
			runOnlyForDeploymentPostprocessing = 0;
		};
/* End PBXResourcesBuildPhase section */

/* Begin PBXShellScriptBuildPhase section */
		26D8E329D1505755E26EE51C /* [CP] Embed Pods Frameworks */ = {
			isa = PBXShellScriptBuildPhase;
			buildActionMask = 2147483647;
			files = (
			);
			inputPaths = (
			);
			name = "[CP] Embed Pods Frameworks";
			outputPaths = (
			);
			runOnlyForDeploymentPostprocessing = 0;
			shellPath = /bin/sh;
			shellScript = "\"${SRCROOT}/Pods/Target Support Files/Pods-ViiMe/Pods-ViiMe-frameworks.sh\"\n";
			showEnvVarsInLog = 0;
		};
		4C1AB9541F35C86700855189 /* Run Script */ = {
			isa = PBXShellScriptBuildPhase;
			buildActionMask = 2147483647;
			files = (
			);
			inputPaths = (
			);
			name = "Run Script";
			outputPaths = (
			);
			runOnlyForDeploymentPostprocessing = 0;
			shellPath = /bin/sh;
			shellScript = "\"${PODS_ROOT}/Fabric/run\" b392fe91480f8f6f9fc37eb7b72f4d5998eb0c66 7679922a00063d1a4f84ea92ca59b000d6591d264829fe3c507db841534d5d1c\n";
		};
		C270E68DDA1F379771E43489 /* [CP] Check Pods Manifest.lock */ = {
			isa = PBXShellScriptBuildPhase;
			buildActionMask = 2147483647;
			files = (
			);
			inputPaths = (
			);
			name = "[CP] Check Pods Manifest.lock";
			outputPaths = (
			);
			runOnlyForDeploymentPostprocessing = 0;
			shellPath = /bin/sh;
			shellScript = "diff \"${PODS_PODFILE_DIR_PATH}/Podfile.lock\" \"${PODS_ROOT}/Manifest.lock\" > /dev/null\nif [ $? != 0 ] ; then\n    # print error to STDERR\n    echo \"error: The sandbox is not in sync with the Podfile.lock. Run 'pod install' or update your CocoaPods installation.\" >&2\n    exit 1\nfi\n";
			showEnvVarsInLog = 0;
		};
		C6B23DA1974A7FC9465E1E8F /* [CP] Copy Pods Resources */ = {
			isa = PBXShellScriptBuildPhase;
			buildActionMask = 2147483647;
			files = (
			);
			inputPaths = (
			);
			name = "[CP] Copy Pods Resources";
			outputPaths = (
			);
			runOnlyForDeploymentPostprocessing = 0;
			shellPath = /bin/sh;
			shellScript = "\"${SRCROOT}/Pods/Target Support Files/Pods-ViiMe/Pods-ViiMe-resources.sh\"\n";
			showEnvVarsInLog = 0;
		};
/* End PBXShellScriptBuildPhase section */

/* Begin PBXSourcesBuildPhase section */
		4C7EDDF91EEB01BD001A9B81 /* Sources */ = {
			isa = PBXSourcesBuildPhase;
			buildActionMask = 2147483647;
			files = (
				4CFAA8FC1F4A754F000976D6 /* RedemptionViewController.swift in Sources */,
				4C7DB2981EEED0B400765D3A /* BannerHelper.swift in Sources */,
				4C5502131F16A5B80073A405 /* Venue.swift in Sources */,
				4C5502151F16B2780073A405 /* ProfileViewController.swift in Sources */,
				4C8C0FAE1F3BC17F00B23D37 /* Group.swift in Sources */,
				4CB6AD621F2A6D22004EB393 /* UITextField+Border.swift in Sources */,
				4C3AF0BC1F0E184F008B2CE5 /* VenuesCollectionViewController.swift in Sources */,
				4CB6AD7E1F2D4F8E004EB393 /* Deal.swift in Sources */,
				4C7EDE031EEB01BD001A9B81 /* LoginViewController.swift in Sources */,
				4C320A871F4D0B13007EC52E /* ProgressActivityIndicator.swift in Sources */,
				4C50CE4E1F395F3A00781ACD /* UIView+Border.swift in Sources */,
				4CFA46CD1EEBD2EE008BDF8F /* ForgotPasswordController.swift in Sources */,
				4CB6AD741F2CB692004EB393 /* FriendTableViewCell.swift in Sources */,
				4C50CE551F39FD3800781ACD /* GroupCollectionViewCell.swift in Sources */,
				4CEB3A621F194156004246F5 /* VenueCollectionViewCell.swift in Sources */,
				4CC2B2341EEDDEAB0044797D /* SignUpViewController.swift in Sources */,
				4C8C0FAC1F3BA9F300B23D37 /* CALayer+BorderProperties.swift in Sources */,
				4C7EDE011EEB01BD001A9B81 /* AppDelegate.swift in Sources */,
				4C7DB2961EEEA62C00765D3A /* ValidationHelper.swift in Sources */,
				4CC3EB811F45CCAD00EC0D4F /* HomeViewController.swift in Sources */,
				4C7DB2941EEEA55E00765D3A /* TextFieldHelper.swift in Sources */,
				4CB6AD701F2BC779004EB393 /* DealsViewController.swift in Sources */,
				4CF360FD1F41448900E14EB1 /* DateHelper.swift in Sources */,
				4C1AB9561F35CC4400855189 /* AddFriendTableViewController.swift in Sources */,
				4CB6AD601F2A3F91004EB393 /* FriendsTableViewController.swift in Sources */,
				4CB6AD761F2CC2CF004EB393 /* UserInfo.swift in Sources */,
				4C75AE861F3788BD002E518E /* String+Emoji.swift in Sources */,
				4CB59C0E1F43942800B5CC70 /* Constants.swift in Sources */,
			);
			runOnlyForDeploymentPostprocessing = 0;
		};
/* End PBXSourcesBuildPhase section */

/* Begin PBXVariantGroup section */
		4C7EDE041EEB01BD001A9B81 /* Main.storyboard */ = {
			isa = PBXVariantGroup;
			children = (
				4C7EDE051EEB01BD001A9B81 /* Base */,
			);
			name = Main.storyboard;
			sourceTree = "<group>";
		};
		4C7EDE091EEB01BD001A9B81 /* LaunchScreen.storyboard */ = {
			isa = PBXVariantGroup;
			children = (
				4C7EDE0A1EEB01BD001A9B81 /* Base */,
			);
			name = LaunchScreen.storyboard;
			sourceTree = "<group>";
		};
/* End PBXVariantGroup section */

/* Begin XCBuildConfiguration section */
		4C7EDE0D1EEB01BD001A9B81 /* Debug */ = {
			isa = XCBuildConfiguration;
			buildSettings = {
				ALWAYS_SEARCH_USER_PATHS = NO;
				CLANG_ANALYZER_NONNULL = YES;
				CLANG_ANALYZER_NUMBER_OBJECT_CONVERSION = YES_AGGRESSIVE;
				CLANG_CXX_LANGUAGE_STANDARD = "gnu++0x";
				CLANG_CXX_LIBRARY = "libc++";
				CLANG_ENABLE_MODULES = YES;
				CLANG_ENABLE_OBJC_ARC = YES;
				CLANG_WARN_BOOL_CONVERSION = YES;
				CLANG_WARN_CONSTANT_CONVERSION = YES;
				CLANG_WARN_DIRECT_OBJC_ISA_USAGE = YES_ERROR;
				CLANG_WARN_DOCUMENTATION_COMMENTS = YES;
				CLANG_WARN_EMPTY_BODY = YES;
				CLANG_WARN_ENUM_CONVERSION = YES;
				CLANG_WARN_INFINITE_RECURSION = YES;
				CLANG_WARN_INT_CONVERSION = YES;
				CLANG_WARN_OBJC_ROOT_CLASS = YES_ERROR;
				CLANG_WARN_SUSPICIOUS_MOVE = YES;
				CLANG_WARN_UNREACHABLE_CODE = YES;
				CLANG_WARN__DUPLICATE_METHOD_MATCH = YES;
				"CODE_SIGN_IDENTITY[sdk=iphoneos*]" = "iPhone Developer";
				COPY_PHASE_STRIP = NO;
				DEBUG_INFORMATION_FORMAT = "dwarf-with-dsym";
				ENABLE_STRICT_OBJC_MSGSEND = YES;
				ENABLE_TESTABILITY = YES;
				GCC_C_LANGUAGE_STANDARD = gnu99;
				GCC_DYNAMIC_NO_PIC = NO;
				GCC_NO_COMMON_BLOCKS = YES;
				GCC_OPTIMIZATION_LEVEL = 0;
				GCC_PREPROCESSOR_DEFINITIONS = (
					"DEBUG=1",
					"$(inherited)",
				);
				GCC_WARN_64_TO_32_BIT_CONVERSION = YES;
				GCC_WARN_ABOUT_RETURN_TYPE = YES_ERROR;
				GCC_WARN_UNDECLARED_SELECTOR = YES;
				GCC_WARN_UNINITIALIZED_AUTOS = YES_AGGRESSIVE;
				GCC_WARN_UNUSED_FUNCTION = YES;
				GCC_WARN_UNUSED_VARIABLE = YES;
				IPHONEOS_DEPLOYMENT_TARGET = 9.0;
				MTL_ENABLE_DEBUG_INFO = YES;
				ONLY_ACTIVE_ARCH = YES;
				SDKROOT = iphoneos;
				SWIFT_ACTIVE_COMPILATION_CONDITIONS = DEBUG;
				SWIFT_OPTIMIZATION_LEVEL = "-Onone";
			};
			name = Debug;
		};
		4C7EDE0E1EEB01BD001A9B81 /* Release */ = {
			isa = XCBuildConfiguration;
			buildSettings = {
				ALWAYS_SEARCH_USER_PATHS = NO;
				CLANG_ANALYZER_NONNULL = YES;
				CLANG_ANALYZER_NUMBER_OBJECT_CONVERSION = YES_AGGRESSIVE;
				CLANG_CXX_LANGUAGE_STANDARD = "gnu++0x";
				CLANG_CXX_LIBRARY = "libc++";
				CLANG_ENABLE_MODULES = YES;
				CLANG_ENABLE_OBJC_ARC = YES;
				CLANG_WARN_BOOL_CONVERSION = YES;
				CLANG_WARN_CONSTANT_CONVERSION = YES;
				CLANG_WARN_DIRECT_OBJC_ISA_USAGE = YES_ERROR;
				CLANG_WARN_DOCUMENTATION_COMMENTS = YES;
				CLANG_WARN_EMPTY_BODY = YES;
				CLANG_WARN_ENUM_CONVERSION = YES;
				CLANG_WARN_INFINITE_RECURSION = YES;
				CLANG_WARN_INT_CONVERSION = YES;
				CLANG_WARN_OBJC_ROOT_CLASS = YES_ERROR;
				CLANG_WARN_SUSPICIOUS_MOVE = YES;
				CLANG_WARN_UNREACHABLE_CODE = YES;
				CLANG_WARN__DUPLICATE_METHOD_MATCH = YES;
				"CODE_SIGN_IDENTITY[sdk=iphoneos*]" = "iPhone Developer";
				COPY_PHASE_STRIP = NO;
				DEBUG_INFORMATION_FORMAT = "dwarf-with-dsym";
				ENABLE_NS_ASSERTIONS = NO;
				ENABLE_STRICT_OBJC_MSGSEND = YES;
				GCC_C_LANGUAGE_STANDARD = gnu99;
				GCC_NO_COMMON_BLOCKS = YES;
				GCC_WARN_64_TO_32_BIT_CONVERSION = YES;
				GCC_WARN_ABOUT_RETURN_TYPE = YES_ERROR;
				GCC_WARN_UNDECLARED_SELECTOR = YES;
				GCC_WARN_UNINITIALIZED_AUTOS = YES_AGGRESSIVE;
				GCC_WARN_UNUSED_FUNCTION = YES;
				GCC_WARN_UNUSED_VARIABLE = YES;
				IPHONEOS_DEPLOYMENT_TARGET = 9.0;
				MTL_ENABLE_DEBUG_INFO = NO;
				SDKROOT = iphoneos;
				SWIFT_OPTIMIZATION_LEVEL = "-Owholemodule";
				VALIDATE_PRODUCT = YES;
			};
			name = Release;
		};
		4C7EDE101EEB01BD001A9B81 /* Debug */ = {
			isa = XCBuildConfiguration;
			baseConfigurationReference = A9C08C15543500E5B053732B /* Pods-ViiMe.debug.xcconfig */;
			buildSettings = {
				ASSETCATALOG_COMPILER_APPICON_NAME = AppIcon;
				CODE_SIGN_ENTITLEMENTS = ViiMe/ViiMe.entitlements;
				CODE_SIGN_IDENTITY = "iPhone Distribution";
				"CODE_SIGN_IDENTITY[sdk=iphoneos*]" = "iPhone Distribution";
				DEVELOPMENT_TEAM = 3L8HKMPJ68;
				INFOPLIST_FILE = ViiMe/Info.plist;
				IPHONEOS_DEPLOYMENT_TARGET = 10.0;
				LD_RUNPATH_SEARCH_PATHS = "$(inherited) @executable_path/Frameworks";
				PRODUCT_BUNDLE_IDENTIFIER = vl.ViiMe;
				PRODUCT_NAME = "$(TARGET_NAME)";
				PROVISIONING_PROFILE = "88608fc1-7873-4712-9c58-658c2304d97b";
				PROVISIONING_PROFILE_SPECIFIER = firebase;
				SWIFT_VERSION = 3.0;
			};
			name = Debug;
		};
		4C7EDE111EEB01BD001A9B81 /* Release */ = {
			isa = XCBuildConfiguration;
			baseConfigurationReference = 5912848828A13E7FC084CBA3 /* Pods-ViiMe.release.xcconfig */;
			buildSettings = {
				ASSETCATALOG_COMPILER_APPICON_NAME = AppIcon;
				CODE_SIGN_ENTITLEMENTS = ViiMe/ViiMe.entitlements;
				CODE_SIGN_IDENTITY = "iPhone Distribution";
				"CODE_SIGN_IDENTITY[sdk=iphoneos*]" = "iPhone Distribution";
				DEVELOPMENT_TEAM = 3L8HKMPJ68;
				INFOPLIST_FILE = ViiMe/Info.plist;
				IPHONEOS_DEPLOYMENT_TARGET = 10.0;
				LD_RUNPATH_SEARCH_PATHS = "$(inherited) @executable_path/Frameworks";
				PRODUCT_BUNDLE_IDENTIFIER = vl.ViiMe;
				PRODUCT_NAME = "$(TARGET_NAME)";
				PROVISIONING_PROFILE = "88608fc1-7873-4712-9c58-658c2304d97b";
				PROVISIONING_PROFILE_SPECIFIER = firebase;
				SWIFT_VERSION = 3.0;
			};
			name = Release;
		};
/* End XCBuildConfiguration section */

/* Begin XCConfigurationList section */
		4C7EDDF81EEB01BD001A9B81 /* Build configuration list for PBXProject "ViiMe" */ = {
			isa = XCConfigurationList;
			buildConfigurations = (
				4C7EDE0D1EEB01BD001A9B81 /* Debug */,
				4C7EDE0E1EEB01BD001A9B81 /* Release */,
			);
			defaultConfigurationIsVisible = 0;
			defaultConfigurationName = Release;
		};
		4C7EDE0F1EEB01BD001A9B81 /* Build configuration list for PBXNativeTarget "ViiMe" */ = {
			isa = XCConfigurationList;
			buildConfigurations = (
				4C7EDE101EEB01BD001A9B81 /* Debug */,
				4C7EDE111EEB01BD001A9B81 /* Release */,
			);
			defaultConfigurationIsVisible = 0;
			defaultConfigurationName = Release;
		};
/* End XCConfigurationList section */
	};
	rootObject = 4C7EDDF51EEB01BD001A9B81 /* Project object */;
}
